
Microsoft Visual Studio Solution File, Format Version 12.00
# Visual Studio Version 16
VisualStudioVersion = 16.0.29230.47
MinimumVisualStudioVersion = 10.0.40219.1
Project("{FAE04EC0-301F-11D3-BF4B-00C04F79EFBC}") = "Virus Creator GUI", "Virus Creator GUI.csproj", "{46CECE9C-363A-4B42-9A80-9EA2A7505689}"
EndProject
Global
	GlobalSection(SolutionConfigurationPlatforms) = preSolution
		Debug|Any CPU = Debug|Any CPU
		Release|Any CPU = Release|Any CPU
	EndGlobalSection
	GlobalSection(ProjectConfigurationPlatforms) = postSolution
		{46CECE9C-363A-4B42-9A80-9EA2A7505689}.Debug|Any CPU.ActiveCfg = Debug|Any CPU
		{46CECE9C-363A-4B42-9A80-9EA2A7505689}.Debug|Any CPU.Build.0 = Debug|Any CPU
		{46CECE9C-363A-4B42-9A80-9EA2A7505689}.Release|Any CPU.ActiveCfg = Release|Any CPU
		{46CECE9C-363A-4B42-9A80-9EA2A7505689}.Release|Any CPU.Build.0 = Release|Any CPU
	EndGlobalSection
	GlobalSection(SolutionProperties) = preSolution
		HideSolutionNode = FALSE
	EndGlobalSection
	GlobalSection(ExtensibilityGlobals) = postSolution
		SolutionGuid = {214D2956-499C-4CB0-ACF0-6D7E64AEE1DE}
	EndGlobalSection
EndGlobal
